
Microsoft Visual Studio Solution File, Format Version 12.00
# Visual Studio Version 17
VisualStudioVersion = 17.7.34024.191
MinimumVisualStudioVersion = 10.0.40219.1
Project("{FAE04EC0-301F-11D3-BF4B-00C04F79EFBC}") = "SecondLab", "SecondLab.csproj", "{04BCCD14-6962-4988-8E8C-C0B274253461}"
EndProject
Global
	GlobalSection(SolutionConfigurationPlatforms) = preSolution
		Debug|Any CPU = Debug|Any CPU
		Release|Any CPU = Release|Any CPU
	EndGlobalSection
	GlobalSection(ProjectConfigurationPlatforms) = postSolution
		{04BCCD14-6962-4988-8E8C-C0B274253461}.Debug|Any CPU.ActiveCfg = Debug|Any CPU
		{04BCCD14-6962-4988-8E8C-C0B274253461}.Debug|Any CPU.Build.0 = Debug|Any CPU
		{04BCCD14-6962-4988-8E8C-C0B274253461}.Release|Any CPU.ActiveCfg = Release|Any CPU
		{04BCCD14-6962-4988-8E8C-C0B274253461}.Release|Any CPU.Build.0 = Release|Any CPU
	EndGlobalSection
	GlobalSection(SolutionProperties) = preSolution
		HideSolutionNode = FALSE
	EndGlobalSection
	GlobalSection(ExtensibilityGlobals) = postSolution
		SolutionGuid = {2493B2ED-C464-44B5-B741-7EFC35E7E360}
	EndGlobalSection
EndGlobal
